<?xml version="1.0" encoding="utf-8"?>
<Project ToolsVersion="4.0" xmlns="http://schemas.microsoft.com/developer/msbuild/2003">
  <ItemGroup>
    <Filter Include="ソース ファイル">
      <UniqueIdentifier>{4FC737F1-C7A5-4376-A066-2A32D752A2FF}</UniqueIdentifier>
      <Extensions>cpp;c;cc;cxx;def;odl;idl;hpj;bat;asm;asmx</Extensions>
    </Filter>
    <Filter Include="ソース ファイル\Camera">
      <UniqueIdentifier>{a010b407-1513-4557-8372-0c647fab7689}</UniqueIdentifier>
    </Filter>
    <Filter Include="ソース ファイル\Character">
      <UniqueIdentifier>{90f98425-add1-4f91-b060-97445d540172}</UniqueIdentifier>
    </Filter>
    <Filter Include="ソース ファイル\Character\Player">
      <UniqueIdentifier>{4790ab40-74e1-4bc3-803f-e00d78c27a0f}</UniqueIdentifier>
    </Filter>
    <Filter Include="ソース ファイル\Character\Base">
      <UniqueIdentifier>{8ff33bde-b79b-4f5f-ab92-eed05ef34d38}</UniqueIdentifier>
    </Filter>
    <Filter Include="ソース ファイル\Character\Enemy">
      <UniqueIdentifier>{91d21cd7-44dd-4ab9-97d9-754e6733d74f}</UniqueIdentifier>
    </Filter>
    <Filter Include="ソース ファイル\Fps">
      <UniqueIdentifier>{d4c7684b-b3e9-4ba7-9501-db8427b8085e}</UniqueIdentifier>
    </Filter>
    <Filter Include="ソース ファイル\UI">
      <UniqueIdentifier>{369b89c7-0490-4d44-a585-795c86b46eb8}</UniqueIdentifier>
    </Filter>
    <Filter Include="ソース ファイル\SpecialMove">
      <UniqueIdentifier>{19fe998a-0978-486d-a37e-f4313b20684b}</UniqueIdentifier>
    </Filter>
    <Filter Include="ソース ファイル\Effect">
      <UniqueIdentifier>{ff89f150-6c8b-49db-974f-2e291926a959}</UniqueIdentifier>
    </Filter>
    <Filter Include="ソース ファイル\Sound">
      <UniqueIdentifier>{7d85aea6-718a-4a34-8a4c-9e83bdf4f867}</UniqueIdentifier>
    </Filter>
    <Filter Include="ソース ファイル\Character\Base\Collision">
      <UniqueIdentifier>{631e9362-5266-44d1-b5eb-2f365d146f29}</UniqueIdentifier>
    </Filter>
    <Filter Include="ソース ファイル\Character\Base\Collision\sphere_collison">
      <UniqueIdentifier>{0a715ef4-0d2b-449c-80d0-58612254d182}</UniqueIdentifier>
    </Filter>
    <Filter Include="ソース ファイル\Shadow">
      <UniqueIdentifier>{2558f47d-c56a-4451-be10-aa52b7cfaaf5}</UniqueIdentifier>
    </Filter>
  </ItemGroup>
  <ItemGroup>
    <ClCompile Include="main.cpp">
      <Filter>ソース ファイル</Filter>
    </ClCompile>
    <ClCompile Include="Camera.cpp">
      <Filter>ソース ファイル\Camera</Filter>
    </ClCompile>
    <ClCompile Include="Player.cpp">
      <Filter>ソース ファイル\Character\Player</Filter>
    </ClCompile>
    <ClCompile Include="Character.cpp">
      <Filter>ソース ファイル\Character\Base</Filter>
    </ClCompile>
    <ClCompile Include="Enemy.cpp">
      <Filter>ソース ファイル\Character\Enemy</Filter>
    </ClCompile>
    <ClCompile Include="Sphere_Collision.cpp">
      <Filter>ソース ファイル\Character\Base\Collision\sphere_collison</Filter>
    </ClCompile>
    <ClCompile Include="fps.cpp">
      <Filter>ソース ファイル\Fps</Filter>
    </ClCompile>
    <ClCompile Include="SpecialMove.cpp">
      <Filter>ソース ファイル\SpecialMove</Filter>
    </ClCompile>
    <ClCompile Include="Effect.cpp">
      <Filter>ソース ファイル\Effect</Filter>
    </ClCompile>
    <ClCompile Include="EffectM.cpp">
      <Filter>ソース ファイル\Effect</Filter>
    </ClCompile>
    <ClCompile Include="EffectImg.cpp">
      <Filter>ソース ファイル\Effect</Filter>
    </ClCompile>
    <ClCompile Include="Sound.cpp">
      <Filter>ソース ファイル\Sound</Filter>
    </ClCompile>
    <ClCompile Include="ModelCheckers.cpp">
      <Filter>ソース ファイル</Filter>
    </ClCompile>
    <ClCompile Include="Bar.cpp">
      <Filter>ソース ファイル\UI</Filter>
    </ClCompile>
    <ClCompile Include="Capsule.cpp">
      <Filter>ソース ファイル\Character\Base\Collision</Filter>
    </ClCompile>
    <ClCompile Include="Collision.cpp">
      <Filter>ソース ファイル\Character\Base\Collision</Filter>
    </ClCompile>
    <ClCompile Include="Shadow.cpp">
      <Filter>ソース ファイル\Shadow</Filter>
    </ClCompile>
    <ClCompile Include="UIBar.cpp">
      <Filter>ソース ファイル\UI</Filter>
    </ClCompile>
  </ItemGroup>
  <ItemGroup>
    <ClInclude Include="Camera.h">
      <Filter>ソース ファイル\Camera</Filter>
    </ClInclude>
    <ClInclude Include="Player.h">
      <Filter>ソース ファイル\Character\Player</Filter>
    </ClInclude>
    <ClInclude Include="Character.h">
      <Filter>ソース ファイル\Character\Base</Filter>
    </ClInclude>
    <ClInclude Include="Enemy.h">
      <Filter>ソース ファイル\Character\Enemy</Filter>
    </ClInclude>
    <ClInclude Include="Sphere_Collision.h">
      <Filter>ソース ファイル\Character\Base\Collision\sphere_collison</Filter>
    </ClInclude>
    <ClInclude Include="fps.h">
      <Filter>ソース ファイル\Fps</Filter>
    </ClInclude>
    <ClInclude Include="SpecialMove.h">
      <Filter>ソース ファイル\SpecialMove</Filter>
    </ClInclude>
    <ClInclude Include="Effect.h">
      <Filter>ソース ファイル\Effect</Filter>
    </ClInclude>
    <ClInclude Include="EffectM.h">
      <Filter>ソース ファイル\Effect</Filter>
    </ClInclude>
    <ClInclude Include="EffectImg.h">
      <Filter>ソース ファイル\Effect</Filter>
    </ClInclude>
    <ClInclude Include="Sound.h">
      <Filter>ソース ファイル\Sound</Filter>
    </ClInclude>
    <ClInclude Include="ModelCheckers.h" />
    <ClInclude Include="Bar.h">
      <Filter>ソース ファイル\UI</Filter>
    </ClInclude>
    <ClInclude Include="Capsule.h">
      <Filter>ソース ファイル\Character\Base\Collision</Filter>
    </ClInclude>
    <ClInclude Include="Collision.h">
      <Filter>ソース ファイル\Character\Base\Collision</Filter>
    </ClInclude>
    <ClInclude Include="UIBar.h">
      <Filter>ソース ファイル\UI</Filter>
    </ClInclude>
    <ClInclude Include="Shadow.h">
      <Filter>ソース ファイル\Shadow</Filter>
    </ClInclude>
  </ItemGroup>
</Project>